// !$*UTF8*$!
{
	archiveVersion = 1;
	classes = {
	};
	objectVersion = 48;
	objects = {

/* Begin PBXBuildFile section */
		8A3342681FD90A4800168597 /* njnaruto.ttf in Resources */ = {isa = PBXBuildFile; fileRef = 8A5921A91FD9093300372123 /* njnaruto.ttf */; };
		8A33426A1FD9185100168597 /* style.css in Resources */ = {isa = PBXBuildFile; fileRef = 8A3342691FD9185100168597 /* style.css */; };
		8A5921931FD9080E00372123 /* AppDelegate.swift in Sources */ = {isa = PBXBuildFile; fileRef = 8A5921921FD9080E00372123 /* AppDelegate.swift */; };
		8A5921951FD9080E00372123 /* ViewController.swift in Sources */ = {isa = PBXBuildFile; fileRef = 8A5921941FD9080E00372123 /* ViewController.swift */; };
		8A5921981FD9080E00372123 /* Main.storyboard in Resources */ = {isa = PBXBuildFile; fileRef = 8A5921961FD9080E00372123 /* Main.storyboard */; };
		8A59219A1FD9080E00372123 /* Assets.xcassets in Resources */ = {isa = PBXBuildFile; fileRef = 8A5921991FD9080E00372123 /* Assets.xcassets */; };
		8A59219D1FD9080E00372123 /* LaunchScreen.storyboard in Resources */ = {isa = PBXBuildFile; fileRef = 8A59219B1FD9080E00372123 /* LaunchScreen.storyboard */; };
		8A5921A51FD908C200372123 /* Down.framework in Frameworks */ = {isa = PBXBuildFile; fileRef = 8A5921A41FD908C200372123 /* Down.framework */; };
		8A5921A61FD908C200372123 /* Down.framework in Embed Frameworks */ = {isa = PBXBuildFile; fileRef = 8A5921A41FD908C200372123 /* Down.framework */; settings = {ATTRIBUTES = (CodeSignOnCopy, RemoveHeadersOnCopy, ); }; };
/* End PBXBuildFile section */

/* Begin PBXCopyFilesBuildPhase section */
		8A5921A71FD908C200372123 /* Embed Frameworks */ = {
			isa = PBXCopyFilesBuildPhase;
			buildActionMask = 2147483647;
			dstPath = "";
			dstSubfolderSpec = 10;
			files = (
				8A5921A61FD908C200372123 /* Down.framework in Embed Frameworks */,
			);
			name = "Embed Frameworks";
			runOnlyForDeploymentPostprocessing = 0;
		};
/* End PBXCopyFilesBuildPhase section */

/* Begin PBXFileReference section */
		8A3342691FD9185100168597 /* style.css */ = {isa = PBXFileReference; lastKnownFileType = text.css; path = style.css; sourceTree = "<group>"; };
		8A33426D1FD91D2000168597 /* njnaruto.otf */ = {isa = PBXFileReference; lastKnownFileType = file; path = njnaruto.otf; sourceTree = "<group>"; };
		8A59218F1FD9080E00372123 /* DownCustomFontExample.app */ = {isa = PBXFileReference; explicitFileType = wrapper.application; includeInIndex = 0; path = DownCustomFontExample.app; sourceTree = BUILT_PRODUCTS_DIR; };
		8A5921921FD9080E00372123 /* AppDelegate.swift */ = {isa = PBXFileReference; lastKnownFileType = sourcecode.swift; path = AppDelegate.swift; sourceTree = "<group>"; };
		8A5921941FD9080E00372123 /* ViewController.swift */ = {isa = PBXFileReference; lastKnownFileType = sourcecode.swift; path = ViewController.swift; sourceTree = "<group>"; };
		8A5921971FD9080E00372123 /* Base */ = {isa = PBXFileReference; lastKnownFileType = file.storyboard; name = Base; path = Base.lproj/Main.storyboard; sourceTree = "<group>"; };
		8A5921991FD9080E00372123 /* Assets.xcassets */ = {isa = PBXFileReference; lastKnownFileType = folder.assetcatalog; path = Assets.xcassets; sourceTree = "<group>"; };
		8A59219C1FD9080E00372123 /* Base */ = {isa = PBXFileReference; lastKnownFileType = file.storyboard; name = Base; path = Base.lproj/LaunchScreen.storyboard; sourceTree = "<group>"; };
		8A59219E1FD9080E00372123 /* Info.plist */ = {isa = PBXFileReference; lastKnownFileType = text.plist.xml; path = Info.plist; sourceTree = "<group>"; };
		8A5921A41FD908C200372123 /* Down.framework */ = {isa = PBXFileReference; lastKnownFileType = wrapper.framework; name = Down.framework; path = Carthage/Build/iOS/Down.framework; sourceTree = "<group>"; };
		8A5921A91FD9093300372123 /* njnaruto.ttf */ = {isa = PBXFileReference; lastKnownFileType = file; path = njnaruto.ttf; sourceTree = "<group>"; };
/* End PBXFileReference section */

/* Begin PBXFrameworksBuildPhase section */
		8A59218C1FD9080E00372123 /* Frameworks */ = {
			isa = PBXFrameworksBuildPhase;
			buildActionMask = 2147483647;
			files = (
				8A5921A51FD908C200372123 /* Down.framework in Frameworks */,
			);
			runOnlyForDeploymentPostprocessing = 0;
		};
/* End PBXFrameworksBuildPhase section */

/* Begin PBXGroup section */
		8A5921861FD9080E00372123 = {
			isa = PBXGroup;
			children = (
				8A5921A41FD908C200372123 /* Down.framework */,
				8A5921911FD9080E00372123 /* DownCustomFontExample */,
				8A5921901FD9080E00372123 /* Products */,
			);
			sourceTree = "<group>";
		};
		8A5921901FD9080E00372123 /* Products */ = {
			isa = PBXGroup;
			children = (
				8A59218F1FD9080E00372123 /* DownCustomFontExample.app */,
			);
			name = Products;
			sourceTree = "<group>";
		};
		8A5921911FD9080E00372123 /* DownCustomFontExample */ = {
			isa = PBXGroup;
			children = (
				8A5921A81FD908FC00372123 /* Font */,
				8A5921921FD9080E00372123 /* AppDelegate.swift */,
				8A5921941FD9080E00372123 /* ViewController.swift */,
				8A5921961FD9080E00372123 /* Main.storyboard */,
				8A5921991FD9080E00372123 /* Assets.xcassets */,
				8A59219B1FD9080E00372123 /* LaunchScreen.storyboard */,
				8A59219E1FD9080E00372123 /* Info.plist */,
			);
			path = DownCustomFontExample;
			sourceTree = "<group>";
		};
		8A5921A81FD908FC00372123 /* Font */ = {
			isa = PBXGroup;
			children = (
				8A33426D1FD91D2000168597 /* njnaruto.otf */,
				8A5921A91FD9093300372123 /* njnaruto.ttf */,
				8A3342691FD9185100168597 /* style.css */,
			);
			path = Font;
			sourceTree = "<group>";
		};
/* End PBXGroup section */

/* Begin PBXNativeTarget section */
		8A59218E1FD9080E00372123 /* DownCustomFontExample */ = {
			isa = PBXNativeTarget;
			buildConfigurationList = 8A5921A11FD9080E00372123 /* Build configuration list for PBXNativeTarget "DownCustomFontExample" */;
			buildPhases = (
				8A59218B1FD9080E00372123 /* Sources */,
				8A59218C1FD9080E00372123 /* Frameworks */,
				8A59218D1FD9080E00372123 /* Resources */,
				8A5921A71FD908C200372123 /* Embed Frameworks */,
			);
			buildRules = (
			);
			dependencies = (
			);
			name = DownCustomFontExample;
			productName = DownCustomFontExample;
			productReference = 8A59218F1FD9080E00372123 /* DownCustomFontExample.app */;
			productType = "com.apple.product-type.application";
		};
/* End PBXNativeTarget section */

/* Begin PBXProject section */
		8A5921871FD9080E00372123 /* Project object */ = {
			isa = PBXProject;
			attributes = {
				LastSwiftUpdateCheck = 0900;
				LastUpgradeCheck = 0900;
				ORGANIZATIONNAME = "Keaton Burleson";
				TargetAttributes = {
					8A59218E1FD9080E00372123 = {
						CreatedOnToolsVersion = 9.0;
						ProvisioningStyle = Automatic;
					};
				};
			};
			buildConfigurationList = 8A59218A1FD9080E00372123 /* Build configuration list for PBXProject "DownCustomFontExample" */;
			compatibilityVersion = "Xcode 8.0";
			developmentRegion = en;
			hasScannedForEncodings = 0;
			knownRegions = (
				en,
				Base,
			);
			mainGroup = 8A5921861FD9080E00372123;
			productRefGroup = 8A5921901FD9080E00372123 /* Products */;
			projectDirPath = "";
			projectRoot = "";
			targets = (
				8A59218E1FD9080E00372123 /* DownCustomFontExample */,
			);
		};
/* End PBXProject section */

/* Begin PBXResourcesBuildPhase section */
		8A59218D1FD9080E00372123 /* Resources */ = {
			isa = PBXResourcesBuildPhase;
			buildActionMask = 2147483647;
			files = (
				8A59219D1FD9080E00372123 /* LaunchScreen.storyboard in Resources */,
				8A3342681FD90A4800168597 /* njnaruto.ttf in Resources */,
				8A33426A1FD9185100168597 /* style.css in Resources */,
				8A59219A1FD9080E00372123 /* Assets.xcassets in Resources */,
				8A5921981FD9080E00372123 /* Main.storyboard in Resources */,
			);
			runOnlyForDeploymentPostprocessing = 0;
		};
/* End PBXResourcesBuildPhase section */

/* Begin PBXSourcesBuildPhase section */
		8A59218B1FD9080E00372123 /* Sources */ = {
			isa = PBXSourcesBuildPhase;
			buildActionMask = 2147483647;
			files = (
				8A5921951FD9080E00372123 /* ViewController.swift in Sources */,
				8A5921931FD9080E00372123 /* AppDelegate.swift in Sources */,
			);
			runOnlyForDeploymentPostprocessing = 0;
		};
/* End PBXSourcesBuildPhase section */

/* Begin PBXVariantGroup section */
		8A5921961FD9080E00372123 /* Main.storyboard */ = {
			isa = PBXVariantGroup;
			children = (
				8A5921971FD9080E00372123 /* Base */,
			);
			name = Main.storyboard;
			sourceTree = "<group>";
		};
		8A59219B1FD9080E00372123 /* LaunchScreen.storyboard */ = {
			isa = PBXVariantGroup;
			children = (
				8A59219C1FD9080E00372123 /* Base */,
			);
			name = LaunchScreen.storyboard;
			sourceTree = "<group>";
		};
/* End PBXVariantGroup section */

/* Begin XCBuildConfiguration section */
		8A59219F1FD9080E00372123 /* Debug */ = {
			isa = XCBuildConfiguration;
			buildSettings = {
				ALWAYS_SEARCH_USER_PATHS = NO;
				CLANG_ANALYZER_NONNULL = YES;
				CLANG_ANALYZER_NUMBER_OBJECT_CONVERSION = YES_AGGRESSIVE;
				CLANG_CXX_LANGUAGE_STANDARD = "gnu++14";
				CLANG_CXX_LIBRARY = "libc++";
				CLANG_ENABLE_MODULES = YES;
				CLANG_ENABLE_OBJC_ARC = YES;
				CLANG_WARN_BLOCK_CAPTURE_AUTORELEASING = YES;
				CLANG_WARN_BOOL_CONVERSION = YES;
				CLANG_WARN_COMMA = YES;
				CLANG_WARN_CONSTANT_CONVERSION = YES;
				CLANG_WARN_DIRECT_OBJC_ISA_USAGE = YES_ERROR;
				CLANG_WARN_DOCUMENTATION_COMMENTS = YES;
				CLANG_WARN_EMPTY_BODY = YES;
				CLANG_WARN_ENUM_CONVERSION = YES;
				CLANG_WARN_INFINITE_RECURSION = YES;
				CLANG_WARN_INT_CONVERSION = YES;
				CLANG_WARN_NON_LITERAL_NULL_CONVERSION = YES;
				CLANG_WARN_OBJC_LITERAL_CONVERSION = YES;
				CLANG_WARN_OBJC_ROOT_CLASS = YES_ERROR;
				CLANG_WARN_RANGE_LOOP_ANALYSIS = YES;
				CLANG_WARN_STRICT_PROTOTYPES = YES;
				CLANG_WARN_SUSPICIOUS_MOVE = YES;
				CLANG_WARN_UNGUARDED_AVAILABILITY = YES_AGGRESSIVE;
				CLANG_WARN_UNREACHABLE_CODE = YES;
				CLANG_WARN__DUPLICATE_METHOD_MATCH = YES;
				CODE_SIGN_IDENTITY = "iPhone Developer";
				COPY_PHASE_STRIP = NO;
				DEBUG_INFORMATION_FORMAT = dwarf;
				ENABLE_STRICT_OBJC_MSGSEND = YES;
				ENABLE_TESTABILITY = YES;
				GCC_C_LANGUAGE_STANDARD = gnu11;
				GCC_DYNAMIC_NO_PIC = NO;
				GCC_NO_COMMON_BLOCKS = YES;
				GCC_OPTIMIZATION_LEVEL = 0;
				GCC_PREPROCESSOR_DEFINITIONS = (
					"DEBUG=1",
					"$(inherited)",
				);
				GCC_WARN_64_TO_32_BIT_CONVERSION = YES;
				GCC_WARN_ABOUT_RETURN_TYPE = YES_ERROR;
				GCC_WARN_UNDECLARED_SELECTOR = YES;
				GCC_WARN_UNINITIALIZED_AUTOS = YES_AGGRESSIVE;
				GCC_WARN_UNUSED_FUNCTION = YES;
				GCC_WARN_UNUSED_VARIABLE = YES;
				IPHONEOS_DEPLOYMENT_TARGET = 11.0;
				MTL_ENABLE_DEBUG_INFO = YES;
				ONLY_ACTIVE_ARCH = YES;
				SDKROOT = iphoneos;
				SWIFT_ACTIVE_COMPILATION_CONDITIONS = DEBUG;
				SWIFT_OPTIMIZATION_LEVEL = "-Onone";
			};
			name = Debug;
		};
		8A5921A01FD9080E00372123 /* Release */ = {
			isa = XCBuildConfiguration;
			buildSettings = {
				ALWAYS_SEARCH_USER_PATHS = NO;
				CLANG_ANALYZER_NONNULL = YES;
				CLANG_ANALYZER_NUMBER_OBJECT_CONVERSION = YES_AGGRESSIVE;
				CLANG_CXX_LANGUAGE_STANDARD = "gnu++14";
				CLANG_CXX_LIBRARY = "libc++";
				CLANG_ENABLE_MODULES = YES;
				CLANG_ENABLE_OBJC_ARC = YES;
				CLANG_WARN_BLOCK_CAPTURE_AUTORELEASING = YES;
				CLANG_WARN_BOOL_CONVERSION = YES;
				CLANG_WARN_COMMA = YES;
				CLANG_WARN_CONSTANT_CONVERSION = YES;
				CLANG_WARN_DIRECT_OBJC_ISA_USAGE = YES_ERROR;
				CLANG_WARN_DOCUMENTATION_COMMENTS = YES;
				CLANG_WARN_EMPTY_BODY = YES;
				CLANG_WARN_ENUM_CONVERSION = YES;
				CLANG_WARN_INFINITE_RECURSION = YES;
				CLANG_WARN_INT_CONVERSION = YES;
				CLANG_WARN_NON_LITERAL_NULL_CONVERSION = YES;
				CLANG_WARN_OBJC_LITERAL_CONVERSION = YES;
				CLANG_WARN_OBJC_ROOT_CLASS = YES_ERROR;
				CLANG_WARN_RANGE_LOOP_ANALYSIS = YES;
				CLANG_WARN_STRICT_PROTOTYPES = YES;
				CLANG_WARN_SUSPICIOUS_MOVE = YES;
				CLANG_WARN_UNGUARDED_AVAILABILITY = YES_AGGRESSIVE;
				CLANG_WARN_UNREACHABLE_CODE = YES;
				CLANG_WARN__DUPLICATE_METHOD_MATCH = YES;
				CODE_SIGN_IDENTITY = "iPhone Developer";
				COPY_PHASE_STRIP = NO;
				DEBUG_INFORMATION_FORMAT = "dwarf-with-dsym";
				ENABLE_NS_ASSERTIONS = NO;
				ENABLE_STRICT_OBJC_MSGSEND = YES;
				GCC_C_LANGUAGE_STANDARD = gnu11;
				GCC_NO_COMMON_BLOCKS = YES;
				GCC_WARN_64_TO_32_BIT_CONVERSION = YES;
				GCC_WARN_ABOUT_RETURN_TYPE = YES_ERROR;
				GCC_WARN_UNDECLARED_SELECTOR = YES;
				GCC_WARN_UNINITIALIZED_AUTOS = YES_AGGRESSIVE;
				GCC_WARN_UNUSED_FUNCTION = YES;
				GCC_WARN_UNUSED_VARIABLE = YES;
				IPHONEOS_DEPLOYMENT_TARGET = 11.0;
				MTL_ENABLE_DEBUG_INFO = NO;
				SDKROOT = iphoneos;
				SWIFT_OPTIMIZATION_LEVEL = "-Owholemodule";
				VALIDATE_PRODUCT = YES;
			};
			name = Release;
		};
		8A5921A21FD9080E00372123 /* Debug */ = {
			isa = XCBuildConfiguration;
			buildSettings = {
				ASSETCATALOG_COMPILER_APPICON_NAME = AppIcon;
				CODE_SIGN_STYLE = Automatic;
				FRAMEWORK_SEARCH_PATHS = (
					"$(inherited)",
					"$(PROJECT_DIR)/Carthage/Build/iOS",
				);
				INFOPLIST_FILE = DownCustomFontExample/Info.plist;
				LD_RUNPATH_SEARCH_PATHS = "$(inherited) @executable_path/Frameworks";
				PRODUCT_BUNDLE_IDENTIFIER = com.128keaton.DownCustomFontExample;
				PRODUCT_NAME = "$(TARGET_NAME)";
				SWIFT_VERSION = 4.0;
				TARGETED_DEVICE_FAMILY = "1,2";
			};
			name = Debug;
		};
		8A5921A31FD9080E00372123 /* Release */ = {
			isa = XCBuildConfiguration;
			buildSettings = {
				ASSETCATALOG_COMPILER_APPICON_NAME = AppIcon;
				CODE_SIGN_STYLE = Automatic;
				FRAMEWORK_SEARCH_PATHS = (
					"$(inherited)",
					"$(PROJECT_DIR)/Carthage/Build/iOS",
				);
				INFOPLIST_FILE = DownCustomFontExample/Info.plist;
				LD_RUNPATH_SEARCH_PATHS = "$(inherited) @executable_path/Frameworks";
				PRODUCT_BUNDLE_IDENTIFIER = com.128keaton.DownCustomFontExample;
				PRODUCT_NAME = "$(TARGET_NAME)";
				SWIFT_VERSION = 4.0;
				TARGETED_DEVICE_FAMILY = "1,2";
			};
			name = Release;
		};
/* End XCBuildConfiguration section */

/* Begin XCConfigurationList section */
		8A59218A1FD9080E00372123 /* Build configuration list for PBXProject "DownCustomFontExample" */ = {
			isa = XCConfigurationList;
			buildConfigurations = (
				8A59219F1FD9080E00372123 /* Debug */,
				8A5921A01FD9080E00372123 /* Release */,
			);
			defaultConfigurationIsVisible = 0;
			defaultConfigurationName = Release;
		};
		8A5921A11FD9080E00372123 /* Build configuration list for PBXNativeTarget "DownCustomFontExample" */ = {
			isa = XCConfigurationList;
			buildConfigurations = (
				8A5921A21FD9080E00372123 /* Debug */,
				8A5921A31FD9080E00372123 /* Release */,
			);
			defaultConfigurationIsVisible = 0;
			defaultConfigurationName = Release;
		};
/* End XCConfigurationList section */
	};
	rootObject = 8A5921871FD9080E00372123 /* Project object */;
}
